// !$*UTF8*$!
{
	archiveVersion = 1;
	classes = {
	};
	objectVersion = 46;
	objects = {

/* Begin PBXBuildFile section */
		B851F20A1AA26DC400321639 /* GDataXMLNode.m in Sources */ = {isa = PBXBuildFile; fileRef = B851F2091AA26DC400321639 /* GDataXMLNode.m */; };
		B851F2101AA283B400321639 /* Party.swift in Sources */ = {isa = PBXBuildFile; fileRef = B851F20E1AA283B400321639 /* Party.swift */; };
		B851F2111AA283B400321639 /* Player.swift in Sources */ = {isa = PBXBuildFile; fileRef = B851F20F1AA283B400321639 /* Player.swift */; };
		B851F2131AA2878E00321639 /* PartyParser.swift in Sources */ = {isa = PBXBuildFile; fileRef = B851F2121AA2878E00321639 /* PartyParser.swift */; };
		B851F2161AA28A1F00321639 /* Party.xml in Resources */ = {isa = PBXBuildFile; fileRef = B851F2151AA28A1F00321639 /* Party.xml */; };
		B872C7521AA25CEF00F9C0C0 /* AppDelegate.swift in Sources */ = {isa = PBXBuildFile; fileRef = B872C7511AA25CEF00F9C0C0 /* AppDelegate.swift */; };
		B872C7541AA25CEF00F9C0C0 /* ViewController.swift in Sources */ = {isa = PBXBuildFile; fileRef = B872C7531AA25CEF00F9C0C0 /* ViewController.swift */; };
		B872C7571AA25CEF00F9C0C0 /* Main.storyboard in Resources */ = {isa = PBXBuildFile; fileRef = B872C7551AA25CEF00F9C0C0 /* Main.storyboard */; };
		B872C7591AA25CEF00F9C0C0 /* Images.xcassets in Resources */ = {isa = PBXBuildFile; fileRef = B872C7581AA25CEF00F9C0C0 /* Images.xcassets */; };
		B872C75C1AA25CEF00F9C0C0 /* LaunchScreen.xib in Resources */ = {isa = PBXBuildFile; fileRef = B872C75A1AA25CEF00F9C0C0 /* LaunchScreen.xib */; };
		B872C7681AA25CEF00F9C0C0 /* XMLTest_SwiftTests.swift in Sources */ = {isa = PBXBuildFile; fileRef = B872C7671AA25CEF00F9C0C0 /* XMLTest_SwiftTests.swift */; };
/* End PBXBuildFile section */

/* Begin PBXContainerItemProxy section */
		B872C7621AA25CEF00F9C0C0 /* PBXContainerItemProxy */ = {
			isa = PBXContainerItemProxy;
			containerPortal = B872C7441AA25CEF00F9C0C0 /* Project object */;
			proxyType = 1;
			remoteGlobalIDString = B872C74B1AA25CEF00F9C0C0;
			remoteInfo = "XMLTest-Swift";
		};
/* End PBXContainerItemProxy section */

/* Begin PBXFileReference section */
		B851F2071AA26DC300321639 /* XMLTest-Swift-Bridging-Header.h */ = {isa = PBXFileReference; lastKnownFileType = sourcecode.c.h; path = "XMLTest-Swift-Bridging-Header.h"; sourceTree = "<group>"; };
		B851F2081AA26DC400321639 /* GDataXMLNode.h */ = {isa = PBXFileReference; fileEncoding = 4; lastKnownFileType = sourcecode.c.h; path = GDataXMLNode.h; sourceTree = "<group>"; };
		B851F2091AA26DC400321639 /* GDataXMLNode.m */ = {isa = PBXFileReference; fileEncoding = 4; lastKnownFileType = sourcecode.c.objc; path = GDataXMLNode.m; sourceTree = "<group>"; };
		B851F20E1AA283B400321639 /* Party.swift */ = {isa = PBXFileReference; fileEncoding = 4; lastKnownFileType = sourcecode.swift; path = Party.swift; sourceTree = "<group>"; };
		B851F20F1AA283B400321639 /* Player.swift */ = {isa = PBXFileReference; fileEncoding = 4; lastKnownFileType = sourcecode.swift; path = Player.swift; sourceTree = "<group>"; };
		B851F2121AA2878E00321639 /* PartyParser.swift */ = {isa = PBXFileReference; fileEncoding = 4; lastKnownFileType = sourcecode.swift; path = PartyParser.swift; sourceTree = "<group>"; };
		B851F2151AA28A1F00321639 /* Party.xml */ = {isa = PBXFileReference; fileEncoding = 4; lastKnownFileType = text.xml; path = Party.xml; sourceTree = "<group>"; };
		B872C74C1AA25CEF00F9C0C0 /* XMLTest-Swift.app */ = {isa = PBXFileReference; explicitFileType = wrapper.application; includeInIndex = 0; path = "XMLTest-Swift.app"; sourceTree = BUILT_PRODUCTS_DIR; };
		B872C7501AA25CEF00F9C0C0 /* Info.plist */ = {isa = PBXFileReference; lastKnownFileType = text.plist.xml; path = Info.plist; sourceTree = "<group>"; };
		B872C7511AA25CEF00F9C0C0 /* AppDelegate.swift */ = {isa = PBXFileReference; lastKnownFileType = sourcecode.swift; path = AppDelegate.swift; sourceTree = "<group>"; };
		B872C7531AA25CEF00F9C0C0 /* ViewController.swift */ = {isa = PBXFileReference; lastKnownFileType = sourcecode.swift; path = ViewController.swift; sourceTree = "<group>"; };
		B872C7561AA25CEF00F9C0C0 /* Base */ = {isa = PBXFileReference; lastKnownFileType = file.storyboard; name = Base; path = Base.lproj/Main.storyboard; sourceTree = "<group>"; };
		B872C7581AA25CEF00F9C0C0 /* Images.xcassets */ = {isa = PBXFileReference; lastKnownFileType = folder.assetcatalog; path = Images.xcassets; sourceTree = "<group>"; };
		B872C75B1AA25CEF00F9C0C0 /* Base */ = {isa = PBXFileReference; lastKnownFileType = file.xib; name = Base; path = Base.lproj/LaunchScreen.xib; sourceTree = "<group>"; };
		B872C7611AA25CEF00F9C0C0 /* XMLTest-SwiftTests.xctest */ = {isa = PBXFileReference; explicitFileType = wrapper.cfbundle; includeInIndex = 0; path = "XMLTest-SwiftTests.xctest"; sourceTree = BUILT_PRODUCTS_DIR; };
		B872C7661AA25CEF00F9C0C0 /* Info.plist */ = {isa = PBXFileReference; lastKnownFileType = text.plist.xml; path = Info.plist; sourceTree = "<group>"; };
		B872C7671AA25CEF00F9C0C0 /* XMLTest_SwiftTests.swift */ = {isa = PBXFileReference; lastKnownFileType = sourcecode.swift; path = XMLTest_SwiftTests.swift; sourceTree = "<group>"; };
/* End PBXFileReference section */

/* Begin PBXFrameworksBuildPhase section */
		B872C7491AA25CEF00F9C0C0 /* Frameworks */ = {
			isa = PBXFrameworksBuildPhase;
			buildActionMask = 2147483647;
			files = (
			);
			runOnlyForDeploymentPostprocessing = 0;
		};
		B872C75E1AA25CEF00F9C0C0 /* Frameworks */ = {
			isa = PBXFrameworksBuildPhase;
			buildActionMask = 2147483647;
			files = (
			);
			runOnlyForDeploymentPostprocessing = 0;
		};
/* End PBXFrameworksBuildPhase section */

/* Begin PBXGroup section */
		B851F20B1AA2704100321639 /* Model */ = {
			isa = PBXGroup;
			children = (
				B851F20E1AA283B400321639 /* Party.swift */,
				B851F20F1AA283B400321639 /* Player.swift */,
			);
			name = Model;
			sourceTree = "<group>";
		};
		B851F20C1AA2705000321639 /* Classes */ = {
			isa = PBXGroup;
			children = (
				B872C7511AA25CEF00F9C0C0 /* AppDelegate.swift */,
				B872C7531AA25CEF00F9C0C0 /* ViewController.swift */,
				B851F2121AA2878E00321639 /* PartyParser.swift */,
			);
			name = Classes;
			sourceTree = "<group>";
		};
		B851F20D1AA2705800321639 /* GDataXML */ = {
			isa = PBXGroup;
			children = (
				B851F2081AA26DC400321639 /* GDataXMLNode.h */,
				B851F2091AA26DC400321639 /* GDataXMLNode.m */,
			);
			name = GDataXML;
			sourceTree = "<group>";
		};
		B851F2141AA28A0600321639 /* Resources */ = {
			isa = PBXGroup;
			children = (
				B851F2151AA28A1F00321639 /* Party.xml */,
			);
			name = Resources;
			sourceTree = "<group>";
		};
		B872C7431AA25CEF00F9C0C0 = {
			isa = PBXGroup;
			children = (
				B872C74E1AA25CEF00F9C0C0 /* XMLTest-Swift */,
				B872C7641AA25CEF00F9C0C0 /* XMLTest-SwiftTests */,
				B872C74D1AA25CEF00F9C0C0 /* Products */,
			);
			sourceTree = "<group>";
		};
		B872C74D1AA25CEF00F9C0C0 /* Products */ = {
			isa = PBXGroup;
			children = (
				B872C74C1AA25CEF00F9C0C0 /* XMLTest-Swift.app */,
				B872C7611AA25CEF00F9C0C0 /* XMLTest-SwiftTests.xctest */,
			);
			name = Products;
			sourceTree = "<group>";
		};
		B872C74E1AA25CEF00F9C0C0 /* XMLTest-Swift */ = {
			isa = PBXGroup;
			children = (
				B851F20B1AA2704100321639 /* Model */,
				B851F20D1AA2705800321639 /* GDataXML */,
				B851F20C1AA2705000321639 /* Classes */,
				B851F2141AA28A0600321639 /* Resources */,
				B872C7551AA25CEF00F9C0C0 /* Main.storyboard */,
				B872C7581AA25CEF00F9C0C0 /* Images.xcassets */,
				B872C75A1AA25CEF00F9C0C0 /* LaunchScreen.xib */,
				B872C74F1AA25CEF00F9C0C0 /* Supporting Files */,
				B851F2071AA26DC300321639 /* XMLTest-Swift-Bridging-Header.h */,
			);
			path = "XMLTest-Swift";
			sourceTree = "<group>";
		};
		B872C74F1AA25CEF00F9C0C0 /* Supporting Files */ = {
			isa = PBXGroup;
			children = (
				B872C7501AA25CEF00F9C0C0 /* Info.plist */,
			);
			name = "Supporting Files";
			sourceTree = "<group>";
		};
		B872C7641AA25CEF00F9C0C0 /* XMLTest-SwiftTests */ = {
			isa = PBXGroup;
			children = (
				B872C7671AA25CEF00F9C0C0 /* XMLTest_SwiftTests.swift */,
				B872C7651AA25CEF00F9C0C0 /* Supporting Files */,
			);
			path = "XMLTest-SwiftTests";
			sourceTree = "<group>";
		};
		B872C7651AA25CEF00F9C0C0 /* Supporting Files */ = {
			isa = PBXGroup;
			children = (
				B872C7661AA25CEF00F9C0C0 /* Info.plist */,
			);
			name = "Supporting Files";
			sourceTree = "<group>";
		};
/* End PBXGroup section */

/* Begin PBXNativeTarget section */
		B872C74B1AA25CEF00F9C0C0 /* XMLTest-Swift */ = {
			isa = PBXNativeTarget;
			buildConfigurationList = B872C76B1AA25CEF00F9C0C0 /* Build configuration list for PBXNativeTarget "XMLTest-Swift" */;
			buildPhases = (
				B872C7481AA25CEF00F9C0C0 /* Sources */,
				B872C7491AA25CEF00F9C0C0 /* Frameworks */,
				B872C74A1AA25CEF00F9C0C0 /* Resources */,
			);
			buildRules = (
			);
			dependencies = (
			);
			name = "XMLTest-Swift";
			productName = "XMLTest-Swift";
			productReference = B872C74C1AA25CEF00F9C0C0 /* XMLTest-Swift.app */;
			productType = "com.apple.product-type.application";
		};
		B872C7601AA25CEF00F9C0C0 /* XMLTest-SwiftTests */ = {
			isa = PBXNativeTarget;
			buildConfigurationList = B872C76E1AA25CEF00F9C0C0 /* Build configuration list for PBXNativeTarget "XMLTest-SwiftTests" */;
			buildPhases = (
				B872C75D1AA25CEF00F9C0C0 /* Sources */,
				B872C75E1AA25CEF00F9C0C0 /* Frameworks */,
				B872C75F1AA25CEF00F9C0C0 /* Resources */,
			);
			buildRules = (
			);
			dependencies = (
				B872C7631AA25CEF00F9C0C0 /* PBXTargetDependency */,
			);
			name = "XMLTest-SwiftTests";
			productName = "XMLTest-SwiftTests";
			productReference = B872C7611AA25CEF00F9C0C0 /* XMLTest-SwiftTests.xctest */;
			productType = "com.apple.product-type.bundle.unit-test";
		};
/* End PBXNativeTarget section */

/* Begin PBXProject section */
		B872C7441AA25CEF00F9C0C0 /* Project object */ = {
			isa = PBXProject;
			attributes = {
				LastUpgradeCheck = 0610;
				ORGANIZATIONNAME = Example.com;
				TargetAttributes = {
					B872C74B1AA25CEF00F9C0C0 = {
						CreatedOnToolsVersion = 6.1.1;
					};
					B872C7601AA25CEF00F9C0C0 = {
						CreatedOnToolsVersion = 6.1.1;
						TestTargetID = B872C74B1AA25CEF00F9C0C0;
					};
				};
			};
			buildConfigurationList = B872C7471AA25CEF00F9C0C0 /* Build configuration list for PBXProject "XMLTest-Swift" */;
			compatibilityVersion = "Xcode 3.2";
			developmentRegion = English;
			hasScannedForEncodings = 0;
			knownRegions = (
				en,
				Base,
			);
			mainGroup = B872C7431AA25CEF00F9C0C0;
			productRefGroup = B872C74D1AA25CEF00F9C0C0 /* Products */;
			projectDirPath = "";
			projectRoot = "";
			targets = (
				B872C74B1AA25CEF00F9C0C0 /* XMLTest-Swift */,
				B872C7601AA25CEF00F9C0C0 /* XMLTest-SwiftTests */,
			);
		};
/* End PBXProject section */

/* Begin PBXResourcesBuildPhase section */
		B872C74A1AA25CEF00F9C0C0 /* Resources */ = {
			isa = PBXResourcesBuildPhase;
			buildActionMask = 2147483647;
			files = (
				B851F2161AA28A1F00321639 /* Party.xml in Resources */,
				B872C7571AA25CEF00F9C0C0 /* Main.storyboard in Resources */,
				B872C75C1AA25CEF00F9C0C0 /* LaunchScreen.xib in Resources */,
				B872C7591AA25CEF00F9C0C0 /* Images.xcassets in Resources */,
			);
			runOnlyForDeploymentPostprocessing = 0;
		};
		B872C75F1AA25CEF00F9C0C0 /* Resources */ = {
			isa = PBXResourcesBuildPhase;
			buildActionMask = 2147483647;
			files = (
			);
			runOnlyForDeploymentPostprocessing = 0;
		};
/* End PBXResourcesBuildPhase section */

/* Begin PBXSourcesBuildPhase section */
		B872C7481AA25CEF00F9C0C0 /* Sources */ = {
			isa = PBXSourcesBuildPhase;
			buildActionMask = 2147483647;
			files = (
				B872C7541AA25CEF00F9C0C0 /* ViewController.swift in Sources */,
				B851F2131AA2878E00321639 /* PartyParser.swift in Sources */,
				B872C7521AA25CEF00F9C0C0 /* AppDelegate.swift in Sources */,
				B851F2101AA283B400321639 /* Party.swift in Sources */,
				B851F2111AA283B400321639 /* Player.swift in Sources */,
				B851F20A1AA26DC400321639 /* GDataXMLNode.m in Sources */,
			);
			runOnlyForDeploymentPostprocessing = 0;
		};
		B872C75D1AA25CEF00F9C0C0 /* Sources */ = {
			isa = PBXSourcesBuildPhase;
			buildActionMask = 2147483647;
			files = (
				B872C7681AA25CEF00F9C0C0 /* XMLTest_SwiftTests.swift in Sources */,
			);
			runOnlyForDeploymentPostprocessing = 0;
		};
/* End PBXSourcesBuildPhase section */

/* Begin PBXTargetDependency section */
		B872C7631AA25CEF00F9C0C0 /* PBXTargetDependency */ = {
			isa = PBXTargetDependency;
			target = B872C74B1AA25CEF00F9C0C0 /* XMLTest-Swift */;
			targetProxy = B872C7621AA25CEF00F9C0C0 /* PBXContainerItemProxy */;
		};
/* End PBXTargetDependency section */

/* Begin PBXVariantGroup section */
		B872C7551AA25CEF00F9C0C0 /* Main.storyboard */ = {
			isa = PBXVariantGroup;
			children = (
				B872C7561AA25CEF00F9C0C0 /* Base */,
			);
			name = Main.storyboard;
			sourceTree = "<group>";
		};
		B872C75A1AA25CEF00F9C0C0 /* LaunchScreen.xib */ = {
			isa = PBXVariantGroup;
			children = (
				B872C75B1AA25CEF00F9C0C0 /* Base */,
			);
			name = LaunchScreen.xib;
			sourceTree = "<group>";
		};
/* End PBXVariantGroup section */

/* Begin XCBuildConfiguration section */
		B872C7691AA25CEF00F9C0C0 /* Debug */ = {
			isa = XCBuildConfiguration;
			buildSettings = {
				ALWAYS_SEARCH_USER_PATHS = NO;
				CLANG_CXX_LANGUAGE_STANDARD = "gnu++0x";
				CLANG_CXX_LIBRARY = "libc++";
				CLANG_ENABLE_MODULES = YES;
				CLANG_ENABLE_OBJC_ARC = YES;
				CLANG_WARN_BOOL_CONVERSION = YES;
				CLANG_WARN_CONSTANT_CONVERSION = YES;
				CLANG_WARN_DIRECT_OBJC_ISA_USAGE = YES_ERROR;
				CLANG_WARN_EMPTY_BODY = YES;
				CLANG_WARN_ENUM_CONVERSION = YES;
				CLANG_WARN_INT_CONVERSION = YES;
				CLANG_WARN_OBJC_ROOT_CLASS = YES_ERROR;
				CLANG_WARN_UNREACHABLE_CODE = YES;
				CLANG_WARN__DUPLICATE_METHOD_MATCH = YES;
				"CODE_SIGN_IDENTITY[sdk=iphoneos*]" = "iPhone Developer";
				COPY_PHASE_STRIP = NO;
				ENABLE_STRICT_OBJC_MSGSEND = YES;
				GCC_C_LANGUAGE_STANDARD = gnu99;
				GCC_DYNAMIC_NO_PIC = NO;
				GCC_OPTIMIZATION_LEVEL = 0;
				GCC_PREPROCESSOR_DEFINITIONS = (
					"DEBUG=1",
					"$(inherited)",
				);
				GCC_SYMBOLS_PRIVATE_EXTERN = NO;
				GCC_WARN_64_TO_32_BIT_CONVERSION = YES;
				GCC_WARN_ABOUT_RETURN_TYPE = YES_ERROR;
				GCC_WARN_UNDECLARED_SELECTOR = YES;
				GCC_WARN_UNINITIALIZED_AUTOS = YES_AGGRESSIVE;
				GCC_WARN_UNUSED_FUNCTION = YES;
				GCC_WARN_UNUSED_VARIABLE = YES;
				IPHONEOS_DEPLOYMENT_TARGET = 8.1;
				MTL_ENABLE_DEBUG_INFO = YES;
				ONLY_ACTIVE_ARCH = YES;
				SDKROOT = iphoneos;
				SWIFT_OPTIMIZATION_LEVEL = "-Onone";
				TARGETED_DEVICE_FAMILY = "1,2";
			};
			name = Debug;
		};
		B872C76A1AA25CEF00F9C0C0 /* Release */ = {
			isa = XCBuildConfiguration;
			buildSettings = {
				ALWAYS_SEARCH_USER_PATHS = NO;
				CLANG_CXX_LANGUAGE_STANDARD = "gnu++0x";
				CLANG_CXX_LIBRARY = "libc++";
				CLANG_ENABLE_MODULES = YES;
				CLANG_ENABLE_OBJC_ARC = YES;
				CLANG_WARN_BOOL_CONVERSION = YES;
				CLANG_WARN_CONSTANT_CONVERSION = YES;
				CLANG_WARN_DIRECT_OBJC_ISA_USAGE = YES_ERROR;
				CLANG_WARN_EMPTY_BODY = YES;
				CLANG_WARN_ENUM_CONVERSION = YES;
				CLANG_WARN_INT_CONVERSION = YES;
				CLANG_WARN_OBJC_ROOT_CLASS = YES_ERROR;
				CLANG_WARN_UNREACHABLE_CODE = YES;
				CLANG_WARN__DUPLICATE_METHOD_MATCH = YES;
				"CODE_SIGN_IDENTITY[sdk=iphoneos*]" = "iPhone Developer";
				COPY_PHASE_STRIP = YES;
				ENABLE_NS_ASSERTIONS = NO;
				ENABLE_STRICT_OBJC_MSGSEND = YES;
				GCC_C_LANGUAGE_STANDARD = gnu99;
				GCC_WARN_64_TO_32_BIT_CONVERSION = YES;
				GCC_WARN_ABOUT_RETURN_TYPE = YES_ERROR;
				GCC_WARN_UNDECLARED_SELECTOR = YES;
				GCC_WARN_UNINITIALIZED_AUTOS = YES_AGGRESSIVE;
				GCC_WARN_UNUSED_FUNCTION = YES;
				GCC_WARN_UNUSED_VARIABLE = YES;
				IPHONEOS_DEPLOYMENT_TARGET = 8.1;
				MTL_ENABLE_DEBUG_INFO = NO;
				SDKROOT = iphoneos;
				TARGETED_DEVICE_FAMILY = "1,2";
				VALIDATE_PRODUCT = YES;
			};
			name = Release;
		};
		B872C76C1AA25CEF00F9C0C0 /* Debug */ = {
			isa = XCBuildConfiguration;
			buildSettings = {
				ASSETCATALOG_COMPILER_APPICON_NAME = AppIcon;
				CLANG_ENABLE_MODULES = YES;
				HEADER_SEARCH_PATHS = (
					"$(inherited)",
					/Applications/Xcode.app/Contents/Developer/Toolchains/XcodeDefault.xctoolchain/usr/include,
					"$(SDKROOT)/usr/include/libxml2",
				);
				INFOPLIST_FILE = "XMLTest-Swift/Info.plist";
				LD_RUNPATH_SEARCH_PATHS = "$(inherited) @executable_path/Frameworks";
				OTHER_LDFLAGS = "-lxml2";
				PRODUCT_NAME = "$(TARGET_NAME)";
				SWIFT_OBJC_BRIDGING_HEADER = "XMLTest-Swift/XMLTest-Swift-Bridging-Header.h";
				SWIFT_OPTIMIZATION_LEVEL = "-Onone";
			};
			name = Debug;
		};
		B872C76D1AA25CEF00F9C0C0 /* Release */ = {
			isa = XCBuildConfiguration;
			buildSettings = {
				ASSETCATALOG_COMPILER_APPICON_NAME = AppIcon;
				CLANG_ENABLE_MODULES = YES;
				HEADER_SEARCH_PATHS = (
					"$(inherited)",
					/Applications/Xcode.app/Contents/Developer/Toolchains/XcodeDefault.xctoolchain/usr/include,
					"$(SDKROOT)/usr/include/libxml2",
				);
				INFOPLIST_FILE = "XMLTest-Swift/Info.plist";
				LD_RUNPATH_SEARCH_PATHS = "$(inherited) @executable_path/Frameworks";
				OTHER_LDFLAGS = "-lxml2";
				PRODUCT_NAME = "$(TARGET_NAME)";
				SWIFT_OBJC_BRIDGING_HEADER = "XMLTest-Swift/XMLTest-Swift-Bridging-Header.h";
			};
			name = Release;
		};
		B872C76F1AA25CEF00F9C0C0 /* Debug */ = {
			isa = XCBuildConfiguration;
			buildSettings = {
				BUNDLE_LOADER = "$(TEST_HOST)";
				FRAMEWORK_SEARCH_PATHS = (
					"$(SDKROOT)/Developer/Library/Frameworks",
					"$(inherited)",
				);
				GCC_PREPROCESSOR_DEFINITIONS = (
					"DEBUG=1",
					"$(inherited)",
				);
				INFOPLIST_FILE = "XMLTest-SwiftTests/Info.plist";
				LD_RUNPATH_SEARCH_PATHS = "$(inherited) @executable_path/Frameworks @loader_path/Frameworks";
				PRODUCT_NAME = "$(TARGET_NAME)";
				TEST_HOST = "$(BUILT_PRODUCTS_DIR)/XMLTest-Swift.app/XMLTest-Swift";
			};
			name = Debug;
		};
		B872C7701AA25CEF00F9C0C0 /* Release */ = {
			isa = XCBuildConfiguration;
			buildSettings = {
				BUNDLE_LOADER = "$(TEST_HOST)";
				FRAMEWORK_SEARCH_PATHS = (
					"$(SDKROOT)/Developer/Library/Frameworks",
					"$(inherited)",
				);
				INFOPLIST_FILE = "XMLTest-SwiftTests/Info.plist";
				LD_RUNPATH_SEARCH_PATHS = "$(inherited) @executable_path/Frameworks @loader_path/Frameworks";
				PRODUCT_NAME = "$(TARGET_NAME)";
				TEST_HOST = "$(BUILT_PRODUCTS_DIR)/XMLTest-Swift.app/XMLTest-Swift";
			};
			name = Release;
		};
/* End XCBuildConfiguration section */

/* Begin XCConfigurationList section */
		B872C7471AA25CEF00F9C0C0 /* Build configuration list for PBXProject "XMLTest-Swift" */ = {
			isa = XCConfigurationList;
			buildConfigurations = (
				B872C7691AA25CEF00F9C0C0 /* Debug */,
				B872C76A1AA25CEF00F9C0C0 /* Release */,
			);
			defaultConfigurationIsVisible = 0;
			defaultConfigurationName = Release;
		};
		B872C76B1AA25CEF00F9C0C0 /* Build configuration list for PBXNativeTarget "XMLTest-Swift" */ = {
			isa = XCConfigurationList;
			buildConfigurations = (
				B872C76C1AA25CEF00F9C0C0 /* Debug */,
				B872C76D1AA25CEF00F9C0C0 /* Release */,
			);
			defaultConfigurationIsVisible = 0;
			defaultConfigurationName = Release;
		};
		B872C76E1AA25CEF00F9C0C0 /* Build configuration list for PBXNativeTarget "XMLTest-SwiftTests" */ = {
			isa = XCConfigurationList;
			buildConfigurations = (
				B872C76F1AA25CEF00F9C0C0 /* Debug */,
				B872C7701AA25CEF00F9C0C0 /* Release */,
			);
			defaultConfigurationIsVisible = 0;
			defaultConfigurationName = Release;
		};
/* End XCConfigurationList section */
	};
	rootObject = B872C7441AA25CEF00F9C0C0 /* Project object */;
}
